<Solution>
  <Folder Name="/src/" />
  <Folder Name="/src/Application/">
    <Project Path="src/Application/OpenLMStudio.Application.csproj" />
  </Folder>
  <Folder Name="/src/Desktop/">
    <Project Path="src/Desktop/OpenLMStudio.Desktop.csproj" />
  </Folder>
  <Folder Name="/src/Domain/">
    <Project Path="src/Domain/OpenLMStudio.Domain.csproj" />
  </Folder>
  <Folder Name="/src/Infrastructure/">
    <Project Path="src/Infrastructure/OpenLMStudio.Infrastructure.csproj" />
  </Folder>
</Solution>
